lockfileVersion: '9.0'

settings:
  autoInstallPeers: true
  excludeLinksFromLockfile: false

importers:

  .:
    dependencies:
      '@picocss/pico':
        specifier: ^2.1.1
        version: 2.1.1
      chart.js:
        specifier: ^4.5.1
        version: 4.5.1
      leaflet:
        specifier: ^1.9.4
        version: 1.9.4

packages:

  '@kurkle/color@0.3.4':
    resolution: {integrity: sha512-M5UknZPHRu3DEDWoipU6sE8PdkZ6Z/S+v4dD+Ke8IaNlpdSQah50lz1KtcFBa2vsdOnwbbnxJwVM4wty6udA5w==}

  '@picocss/pico@2.1.1':
    resolution: {integrity: sha512-kIDugA7Ps4U+2BHxiNHmvgPIQDWPDU4IeU6TNRdvXQM1uZX+FibqDQT2xUOnnO2yq/LUHcwnGlu1hvf4KfXnMg==}

  chart.js@4.5.1:
    resolution: {integrity: sha512-GIjfiT9dbmHRiYi6Nl2yFCq7kkwdkp1W/lp2J99rX0yo9tgJGn3lKQATztIjb5tVtevcBtIdICNWqlq5+E8/Pw==}
    engines: {pnpm: '>=8'}

  leaflet@1.9.4:
    resolution: {integrity: sha512-nxS1ynzJOmOlHp+iL3FyWqK89GtNL8U8rvlMOsQdTTssxZwCXh8N2NB3GDQOL+YR3XnWyZAxwQixURb+FA74PA==}

snapshots:

  '@kurkle/color@0.3.4': {}

  '@picocss/pico@2.1.1': {}

  chart.js@4.5.1:
    dependencies:
      '@kurkle/color': 0.3.4

  leaflet@1.9.4: {}
